<?xml version="1.0" encoding="UTF-8" standalone="yes" ?>
<CodeBlocks_project_file>
	<FileVersion major="1" minor="6" />
	<Project>
		<Option title="ccompLinkList" />
		<Option pch_mode="2" />
		<Option compiler="gcc" />
		<Build>
			<Target title="Debug">
				<Option output="bin/Debug/ccompLinkList" prefix_auto="1" extension_auto="1" />
				<Option object_output="obj/Debug/" />
				<Option type="1" />
				<Option compiler="gcc" />
				<Compiler>
					<Add option="-g" />
					<Add directory="include" />
				</Compiler>
			</Target>
			<Target title="Release">
				<Option output="bin/Release/ccompLinkList" prefix_auto="1" extension_auto="1" />
				<Option object_output="obj/Release/" />
				<Option type="1" />
				<Option compiler="gcc" />
				<Compiler>
					<Add option="-O2" />
					<Add directory="include" />
				</Compiler>
				<Linker>
					<Add option="-s" />
				</Linker>
			</Target>
		</Build>
		<Compiler>
			<Add option="-Wall" />
			<Add option="-fexceptions" />
		</Compiler>
		<Unit filename="include/LE.h" />
		<Unit filename="include/LEC.h" />
		<Unit filename="include/LED.h" />
		<Unit filename="include/LEDC.h" />
		<Unit filename="include/mergesort.h" />
		<Unit filename="include/nodo.h" />
		<Unit filename="include/nodoc.h" />
		<Unit filename="include/nodod.h" />
		<Unit filename="main.cpp" />
		<Unit filename="src/LE.cpp" />
		<Unit filename="src/LEC.cpp" />
		<Unit filename="src/LED.cpp" />
		<Unit filename="src/LEDC.cpp" />
		<Unit filename="src/mergesort.cpp" />
		<Unit filename="src/nodo.cpp" />
		<Unit filename="src/nodoc.cpp" />
		<Unit filename="src/nodod.cpp" />
		<Extensions>
			<code_completion />
			<envvars />
			<debugger />
			<lib_finder disable_auto="1" />
		</Extensions>
	</Project>
</CodeBlocks_project_file>
